
Microsoft Visual Studio Solution File, Format Version 12.00
# Visual Studio Version 16
VisualStudioVersion = 16.0.31613.86
MinimumVisualStudioVersion = 10.0.40219.1
Project("{9A19103F-16F7-4668-BE54-9A1E7A4F7556}") = "CSharpPathTracer", "CSharpPathTracer.csproj", "{7A4DB201-2E03-4B4A-8235-62AB34E2DA50}"
EndProject
Global
	GlobalSection(SolutionConfigurationPlatforms) = preSolution
		Debug|Any CPU = Debug|Any CPU
		Release|Any CPU = Release|Any CPU
	EndGlobalSection
	GlobalSection(ProjectConfigurationPlatforms) = postSolution
		{7A4DB201-2E03-4B4A-8235-62AB34E2DA50}.Debug|Any CPU.ActiveCfg = Debug|Any CPU
		{7A4DB201-2E03-4B4A-8235-62AB34E2DA50}.Debug|Any CPU.Build.0 = Debug|Any CPU
		{7A4DB201-2E03-4B4A-8235-62AB34E2DA50}.Release|Any CPU.ActiveCfg = Release|Any CPU
		{7A4DB201-2E03-4B4A-8235-62AB34E2DA50}.Release|Any CPU.Build.0 = Release|Any CPU
	EndGlobalSection
	GlobalSection(SolutionProperties) = preSolution
		HideSolutionNode = FALSE
	EndGlobalSection
	GlobalSection(ExtensibilityGlobals) = postSolution
		SolutionGuid = {7A1DA631-FB02-412A-A070-880157EDCA3B}
	EndGlobalSection
EndGlobal
